# This file is autogenerated, do not edit; changes may be undone by the next 'dep ensure'.


[[projects]]
  branch = "master"
  digest = "1:0305ffe96cbc8d0630fefa813bf9579d70edc9ef5f82110980f44a6755b5d8f0"
  name = "dmitri.shuralyov.com/text/kebabcase"
  packages = ["."]
  pruneopts = "UT"
  revision = "0797b6dc7302931c214a24d1b0ebe057c31d6747"

[[projects]]
  digest = "1:9f3b30d9f8e0d7040f729b82dcbc8f0dead820a133b3147ce355fc451f32d761"
  name = "github.com/BurntSushi/toml"
  packages = ["."]
  pruneopts = "UT"
  revision = "3012a1dbe2e4bd1391d42b32f0577cb7bbc7f005"
  version = "v0.3.1"

[[projects]]
  digest = "1:f780d408067189c4c42b53f7bb24ebf8fd2a1e4510b813ed6e79dd6563e38cc5"
  name = "github.com/ajg/form"
  packages = ["."]
  pruneopts = "UT"
  revision = "5c4e22684113ffc2a77577c178189940925f9aef"
  version = "v1.5.1"

[[projects]]
  digest = "1:b6d886569181ec96ca83d529f4d6ba0cbf92ace7bb6f633f90c5f34d9bba7aab"
  name = "github.com/blang/semver"
  packages = ["."]
  pruneopts = "UT"
  revision = "ba2c2ddd89069b46a7011d4106f6868f17ee1705"
  version = "v3.6.1"

[[projects]]
  branch = "master"
  digest = "1:5a75ff130630f57609ffca00d6a76dc31bb50ad6a03809848e0f9e13add31987"
  name = "github.com/cockroachdb/cockroach-go"
  packages = ["crdb"]
  pruneopts = "UT"
  revision = "e0a95dfd547cc9c3ebaaba1a12c2afe4bf621ac5"

[[projects]]
  digest = "1:ffe9824d294da03b391f44e1ae8281281b4afc1bdaa9588c9097785e3af10cec"
  name = "github.com/davecgh/go-spew"
  packages = ["spew"]
  pruneopts = "UT"
  revision = "8991bc29aa16c548c550c7ff78260e27b9ab7c73"
  version = "v1.1.1"

[[projects]]
  digest = "1:6f9339c912bbdda81302633ad7e99a28dfa5a639c864061f1929510a9a64aa74"
  name = "github.com/dustin/go-humanize"
  packages = ["."]
  pruneopts = "UT"
  revision = "9f541cc9db5d55bce703bd99987c9d5cb8eea45e"
  version = "v1.0.0"

[[projects]]
  digest = "1:865079840386857c809b72ce300be7580cb50d3d3129ce11bf9aa6ca2bc1934a"
  name = "github.com/fatih/color"
  packages = ["."]
  pruneopts = "UT"
  revision = "5b77d2a35fb0ede96d138fc9a99f5c9b6aef11b4"
  version = "v1.7.0"

[[projects]]
  digest = "1:af43bdaaf86655a2343f113e9b293bbc16b12099eaeb223982bbe4d4c22ba14d"
  name = "github.com/fatih/structs"
  packages = ["."]
  pruneopts = "UT"
  revision = "4966fc68f5b7593aafa6cbbba2d65ec6e1416047"
  version = "v1.1.0"

[[projects]]
  digest = "1:abeb38ade3f32a92943e5be54f55ed6d6e3b6602761d74b4aab4c9dd45c18abd"
  name = "github.com/fsnotify/fsnotify"
  packages = ["."]
  pruneopts = "UT"
  revision = "c2828203cd70a50dcccfb2761f8b1f8ceef9a8e9"
  version = "v1.4.7"

[[projects]]
  digest = "1:ec6f9bf5e274c833c911923c9193867f3f18788c461f76f05f62bb1510e0ae65"
  name = "github.com/go-sql-driver/mysql"
  packages = ["."]
  pruneopts = "UT"
  revision = "72cd26f257d44c1114970e19afddcd812016007e"
  version = "v1.4.1"

[[projects]]
  digest = "1:9b0a9426c0aa8e30816857f1804432acc7890cbef37c8dd7fa120db024849ea3"
  name = "github.com/gobuffalo/buffalo"
  packages = [
    ".",
    "binding",
    "plugins",
    "plugins/plugdeps",
    "render",
    "runtime",
    "servers",
    "worker",
  ]
  pruneopts = "UT"
  revision = "f7987157e9157ca5b7d488faacf3efa776ff8c79"
  version = "v0.14.6"

[[projects]]
  digest = "1:d29ee5ef14a7e0253facd0bcebe6a69a7a4e02a67eb24d2aacd8ccb4a7cea6fc"
  name = "github.com/gobuffalo/envy"
  packages = ["."]
  pruneopts = "UT"
  revision = "043cb4b8af871b49563291e32c66bb84378a60ac"
  version = "v1.7.0"

[[projects]]
  digest = "1:28834c74b3a6daa4f25cf393e66bbbb065ca2744520f7bc7e2b33dea163fa3f4"
  name = "github.com/gobuffalo/events"
  packages = ["."]
  pruneopts = "UT"
  revision = "d3d6e420427efcaae648ddabc37618dba6a80f4f"
  version = "v1.3.1"

[[projects]]
  digest = "1:27fc6c7a990b5be2dafb05f1a890ba1276761e8fc1c0b413e019cba78cddcf25"
  name = "github.com/gobuffalo/fizz"
  packages = [
    ".",
    "translators",
  ]
  pruneopts = "UT"
  revision = "b4082ffd9ae80c0ca97ea9cacf1090437a14d7ad"
  version = "v1.9.1"

[[projects]]
  digest = "1:182ea57e81f7d0e176206790b1e04d6d1cbcccb326a969b398a5e129d021d1e1"
  name = "github.com/gobuffalo/flect"
  packages = [
    ".",
    "name",
  ]
  pruneopts = "UT"
  revision = "751c52157d8840ef1ebfeb65917fb9680ef51f24"
  version = "v0.1.5"

[[projects]]
  digest = "1:5831c4be5cb876571b21ffda065c2e12f0614072643cdde0155fdc3e6feb9c51"
  name = "github.com/gobuffalo/genny"
  packages = ["."]
  pruneopts = "UT"
  revision = "010ab031bb39222515fb7ff27331c0d0c530a01b"
  version = "v0.2.0"

[[projects]]
  digest = "1:f41eaa0018ce43ddbba857d0f45dcbda2a7d8652dfa913fa33950ffaa5dde2ae"
  name = "github.com/gobuffalo/github_flavored_markdown"
  packages = [
    ".",
    "internal/russross/blackfriday",
    "internal/shurcooL/highlight_diff",
    "internal/shurcooL/highlight_go",
    "internal/shurcooL/octicon",
    "internal/shurcooL/sanitized_anchor_name",
  ]
  pruneopts = "UT"
  revision = "3ccedf42c1df15b71c0a2f7669646a574f88edfe"
  version = "v1.1.0"

[[projects]]
  digest = "1:4a67d4014d426b5a5672ed7c3bbb2bc732f754013bfca7a5a80ad65836b73727"
  name = "github.com/gobuffalo/gogen"
  packages = ["gomods"]
  pruneopts = "UT"
  revision = "21ca5640dbe2ce38e2fb0f2aac2ca0e84eaea512"
  version = "v0.2.0"

[[projects]]
  digest = "1:3117f556883acdf7f9a9b97650ea3c2ccfd3079a7afb0ddc5431beec0e98289a"
  name = "github.com/gobuffalo/helpers"
  packages = [
    ".",
    "content",
    "debug",
    "encoders",
    "env",
    "escapes",
    "forms",
    "forms/bootstrap",
    "hctx",
    "inflections",
    "iterators",
    "meta",
    "paths",
    "tags",
    "text",
  ]
  pruneopts = "UT"
  revision = "6b59c445bbc1ccc6eafa59da426c73d5a65a5dab"
  version = "v0.2.2"

[[projects]]
  digest = "1:72efb2c5facb7637c8425091d2535232425ea324e3bca322e2095ffa337e9374"
  name = "github.com/gobuffalo/httptest"
  packages = ["."]
  pruneopts = "UT"
  revision = "1139798440d977dd7127ef3bab8438e9fc57ff56"
  version = "v1.3.0"

[[projects]]
  branch = "master"
  digest = "1:f391538f4166f7c0aa50943372af196304488b039fe663c134d42f064e1ed92c"
  name = "github.com/gobuffalo/logger"
  packages = ["."]
  pruneopts = "UT"
  revision = "86e12af44bc273e0063fad5b6ad588890b8cfe6b"

[[projects]]
  digest = "1:46b99fdb31147a97a91e8bcc4ac363e0fad9c6a2fc5ebed293c3f653d3977d47"
  name = "github.com/gobuffalo/makr"
  packages = ["."]
  pruneopts = "UT"
  revision = "a936cd7ff25af5f26c824ec5e5ad0c8f83a599d0"
  version = "v1.2.0"

[[projects]]
  digest = "1:398b831f0ee1b2878d2a064382ae3404deb8c9f6299c9ca8f2dd9c985bfcab3f"
  name = "github.com/gobuffalo/mapi"
  packages = ["."]
  pruneopts = "UT"
  revision = "b6d5eb97ba389d6c0ffb174be0c45fd971eabd88"
  version = "v1.1.0"

[[projects]]
  branch = "master"
  digest = "1:f4cd84dd1998e8204341c243dc158f537c5d6dcf1e3853afedaffc21fe7c365a"
  name = "github.com/gobuffalo/meta"
  packages = ["."]
  pruneopts = "UT"
  revision = "e161e8a93e3b94f8c89598420eb13b4f7d660450"

[[projects]]
  branch = "master"
  digest = "1:c727005750f7000b579bd2d65a6ebdaef9fd51a2319f990952c1c253309b6d97"
  name = "github.com/gobuffalo/mw-csrf"
  packages = ["."]
  pruneopts = "UT"
  revision = "25460a05551774654d807c1586d9bac3bb2a26c9"

[[projects]]
  branch = "master"
  digest = "1:98dc996c9ed07bd9281751ac1748aa4ddedb78e2cb55e96377e82fd966f7614e"
  name = "github.com/gobuffalo/mw-forcessl"
  packages = ["."]
  pruneopts = "UT"
  revision = "6d1ef7ffb276350711946ddda7f11a5f490db156"

[[projects]]
  branch = "master"
  digest = "1:7852012b47259d008b8c7a62ef5952b4319ddeac2f0382f89c257c775b95f3ea"
  name = "github.com/gobuffalo/mw-i18n"
  packages = ["."]
  pruneopts = "UT"
  revision = "337de00e4c33fad1ef7fdf24fc51f5df82db5648"

[[projects]]
  branch = "master"
  digest = "1:577ac4f9ed31c7893d10d65877bfb00660ec5f4cfab0f3eb86e24fcdce5c86cf"
  name = "github.com/gobuffalo/mw-paramlogger"
  packages = ["."]
  pruneopts = "UT"
  revision = "0d45762ab655f63558af39439aa4fdf6be8a2e11"

[[projects]]
  branch = "master"
  digest = "1:9164d447566a4f72cb87c87fa474a8f9e7e3a21eede77bfe3c8c001fcd25ea88"
  name = "github.com/gobuffalo/nulls"
  packages = ["."]
  pruneopts = "UT"
  revision = "85f3c9250d875a54c2677c7df0399c3d5dcd4bb3"

[[projects]]
  digest = "1:416086a29c268279219d7437fc5fe295a420be1617d880a1c387b5a1ff06a4f3"
  name = "github.com/gobuffalo/packd"
  packages = ["."]
  pruneopts = "UT"
  revision = "9d6116a72e8e57fc75d9b5d6be07ed31bcd673d0"
  version = "v0.2.0"

[[projects]]
  digest = "1:778c48e86e53e4d5baeb76a8227518931c99cc046ed932f27491137f59b82448"
  name = "github.com/gobuffalo/packr"
  packages = [
    ".",
    "v2",
    "v2/file",
    "v2/file/resolver",
    "v2/file/resolver/encoding/hex",
    "v2/jam/parser",
    "v2/plog",
  ]
  pruneopts = "UT"
  revision = "a7085697a89c0c37a038939a172299ef8bf4bba8"
  version = "v2.4.0"

[[projects]]
  digest = "1:d263e6a6f91a8076c6b88d08af714cb2113eab0b4579442e85000bac4e8e179f"
  name = "github.com/gobuffalo/plush"
  packages = [
    ".",
    "ast",
    "lexer",
    "parser",
    "token",
  ]
  pruneopts = "UT"
  revision = "b49948ba286628b1feb56a367470378c099b1c30"
  version = "v3.8.2"

[[projects]]
  digest = "1:8e5752aa25bddeb36234d14495bfb1d4fc0807c62d34afc9d31a25175d14f892"
  name = "github.com/gobuffalo/pop"
  packages = [
    ".",
    "associations",
    "columns",
    "logging",
  ]
  pruneopts = "UT"
  revision = "d8d4348a78fad398a00911ca7468eff86aa65d68"
  version = "v4.11.1"

[[projects]]
  digest = "1:4a8161a3b203365b3a01a1a46d0ac7c7c3a4de68ed4482acbf381a8e724d3aa2"
  name = "github.com/gobuffalo/suite"
  packages = [
    ".",
    "fix",
  ]
  pruneopts = "UT"
  revision = "917e29a4226b0b4d66176c8db37947b73eb22623"
  version = "v2.6.2"

[[projects]]
  branch = "master"
  digest = "1:b90ac64448d67ef218124185a8524f3c665fb7f51f096d5dd51ce950a1775d89"
  name = "github.com/gobuffalo/syncx"
  packages = ["."]
  pruneopts = "UT"
  revision = "33c29581e754bd354236e977dfe426e55331c45d"

[[projects]]
  digest = "1:7a3195d7c7b5f4f2b8df6f6428440168cf6f0779590059d7380cda8f06317d3d"
  name = "github.com/gobuffalo/tags"
  packages = [
    ".",
    "form",
    "form/bootstrap",
  ]
  pruneopts = "UT"
  revision = "d6e385822d0c8df9824d5bd173cad0576c45a6de"
  version = "v2.1.0"

[[projects]]
  digest = "1:4b6a43ba3296f26ea01ae125e50951f141c215dd18b5b91e9f397117b2951eb1"
  name = "github.com/gobuffalo/uuid"
  packages = ["."]
  pruneopts = "UT"
  revision = "3f701655805f1ef76e9963d1b377497a0c66d7cd"
  version = "v2.0.5"

[[projects]]
  digest = "1:0cffed04ef171ae26ee578e3a29bc3ca6e4b36db85bf6d5b1560edf2809f572f"
  name = "github.com/gobuffalo/validate"
  packages = [
    ".",
    "validators",
  ]
  pruneopts = "UT"
  revision = "f6f3be4568c1ac31b364193100816d272e36ddc5"
  version = "v2.0.3"

[[projects]]
  branch = "master"
  digest = "1:9090af09a15415dc95b9c8e6a09f1f14545bcebd8a5edb496e2be9b782a55b3b"
  name = "github.com/gobuffalo/x"
  packages = [
    "defaults",
    "httpx",
    "randx",
  ]
  pruneopts = "UT"
  revision = "d80e318e1bb44bede3d7a2c89bd41eb70213c95c"

[[projects]]
  digest = "1:bed9d72d596f94e65fff37f4d6c01398074a6bb1c3f3ceff963516bd01db6ff5"
  name = "github.com/gofrs/uuid"
  packages = ["."]
  pruneopts = "UT"
  revision = "6b08a5c5172ba18946672b49749cde22873dd7c2"
  version = "v3.2.0"

[[projects]]
  digest = "1:c79fb010be38a59d657c48c6ba1d003a8aa651fa56b579d959d74573b7dff8e1"
  name = "github.com/gorilla/context"
  packages = ["."]
  pruneopts = "UT"
  revision = "08b5f424b9271eedf6f9f0ce86cb9396ed337a42"
  version = "v1.1.1"

[[projects]]
  digest = "1:3af6be4fee7c08f81f13d36f04ffb63ad4b6b5aaba12cce96095c7c2863d4912"
  name = "github.com/gorilla/mux"
  packages = ["."]
  pruneopts = "UT"
  revision = "ed099d42384823742bba0bf9a72b53b55c9e2e38"
  version = "v1.7.2"

[[projects]]
  digest = "1:e72d1ebb8d395cf9f346fd9cbc652e5ae222dd85e0ac842dc57f175abed6d195"
  name = "github.com/gorilla/securecookie"
  packages = ["."]
  pruneopts = "UT"
  revision = "e59506cc896acb7f7bf732d4fdf5e25f7ccd8983"
  version = "v1.1.1"

[[projects]]
  digest = "1:e5bf52fd66a2e984b57b4c0f2c4ee024ed749a19886246240629998dc0cf31ce"
  name = "github.com/gorilla/sessions"
  packages = ["."]
  pruneopts = "UT"
  revision = "f57b7e2d29c6211d16ffa52a0998272f75799030"
  version = "v1.1.3"

[[projects]]
  digest = "1:870d441fe217b8e689d7949fef6e43efbc787e50f200cb1e70dbca9204a1d6be"
  name = "github.com/inconshreveable/mousetrap"
  packages = ["."]
  pruneopts = "UT"
  revision = "76626ae9c91c4f2a10f34cad8ce83ea42c93bb75"
  version = "v1.0"

[[projects]]
  digest = "1:5b44dd580eb13905a19fc6a289136c389fb5a14f03d6754a67c325553d08f2a6"
  name = "github.com/jackc/pgx"
  packages = [
    ".",
    "chunkreader",
    "internal/sanitize",
    "pgio",
    "pgproto3",
    "pgtype",
  ]
  pruneopts = "UT"
  revision = "8faa4453fc7051d1076053f8854077753ab912f2"
  version = "v3.4.0"

[[projects]]
  digest = "1:c1a831110975734d22f89140e720da0bb5575b2516b37b2f242a5ea5e3e1e563"
  name = "github.com/jinzhu/gorm"
  packages = [
    ".",
    "dialects/postgres",
  ]
  pruneopts = "UT"
  revision = "01b66011427614f01e84a473b0303c917179f2a0"
  version = "v1.9.9"

[[projects]]
  digest = "1:01ed62f8f4f574d8aff1d88caee113700a2b44c42351943fa73cc1808f736a50"
  name = "github.com/jinzhu/inflection"
  packages = ["."]
  pruneopts = "UT"
  revision = "f5c5f50e6090ae76a29240b61ae2a90dd810112e"
  version = "v1.0.0"

[[projects]]
  digest = "1:6c41d4f998a03b6604227ccad36edaed6126c397e5d78709ef4814a1145a6757"
  name = "github.com/jmoiron/sqlx"
  packages = [
    ".",
    "reflectx",
  ]
  pruneopts = "UT"
  revision = "d161d7a76b5661016ad0b085869f77fd410f3e6a"
  version = "v1.2.0"

[[projects]]
  digest = "1:ecd9aa82687cf31d1585d4ac61d0ba180e42e8a6182b85bd785fcca8dfeefc1b"
  name = "github.com/joho/godotenv"
  packages = ["."]
  pruneopts = "UT"
  revision = "23d116af351c84513e1946b527c88823e476be13"
  version = "v1.3.0"

[[projects]]
  digest = "1:c77002afa0602fa221a6131da14002079f4deb35d5e08a8fba42477d074be12f"
  name = "github.com/karrick/godirwalk"
  packages = ["."]
  pruneopts = "UT"
  revision = "5d9678131baf190be178e848fae24580ac12a1e3"
  version = "v1.10.11"

[[projects]]
  branch = "master"
  digest = "1:400e113a367b511b9b09ca642ee11d9885485a93838526d697033af334a2fdde"
  name = "github.com/kballard/go-shellquote"
  packages = ["."]
  pruneopts = "UT"
  revision = "95032a82bc518f77982ea72343cc1ade730072f0"

[[projects]]
  digest = "1:31e761d97c76151dde79e9d28964a812c46efc5baee4085b86f68f0c654450de"
  name = "github.com/konsorten/go-windows-terminal-sequences"
  packages = ["."]
  pruneopts = "UT"
  revision = "f55edac94c9bbba5d6182a4be46d86a2c9b5b50e"
  version = "v1.0.2"

[[projects]]
  digest = "1:0e06e487551e2f9e0d6967a15c42223354e37c2e9869b301b14a42e4b51ea3e0"
  name = "github.com/lib/pq"
  packages = [
    ".",
    "hstore",
    "oid",
    "scram",
  ]
  pruneopts = "UT"
  revision = "bc6a3c0594130b1e34005880bc600b6d3f49fa7f"
  version = "v1.1.1"

[[projects]]
  digest = "1:66efd51370fc704fc2a331ea66905526a8aed4153005263b2667d0b6a8f56918"
  name = "github.com/markbates/going"
  packages = [
    "defaults",
    "randx",
  ]
  pruneopts = "UT"
  revision = "7745e382f2e927b7ad1bc04524fa32217acaeb15"
  version = "v1.0.3"

[[projects]]
  digest = "1:fecb0ae22407090e8cceb1b108d1f44576420f8450213c0f18416745d80504eb"
  name = "github.com/markbates/grift"
  packages = ["grift"]
  pruneopts = "UT"
  revision = "b89dc1b695aa472804f9e141be8a9a8b06d44063"
  version = "v1.0.6"

[[projects]]
  digest = "1:08de92704387e73fc4303fdc576e49341c48916e3812a7e99c592d41089dec3f"
  name = "github.com/markbates/hmax"
  packages = ["."]
  pruneopts = "UT"
  revision = "08a278df3de4af7a56aa89153f13587c4f77bc13"
  version = "v1.1.0"

[[projects]]
  digest = "1:3804a3a02964db8e6db3e5e7960ac1c1a9b12835642dd4f4ac4e56c749ec73eb"
  name = "github.com/markbates/inflect"
  packages = ["."]
  pruneopts = "UT"
  revision = "24b83195037b3bc61fcda2d28b7b0518bce293b6"
  version = "v1.0.4"

[[projects]]
  branch = "master"
  digest = "1:6e2ed1bdbf1d14b4d0be58bcd3f1c3000c1e226964354457b8e6ca69e83a1cbb"
  name = "github.com/markbates/oncer"
  packages = ["."]
  pruneopts = "UT"
  revision = "bf2de49a0be218916e69a11d22866e6cd0a560f2"

[[projects]]
  digest = "1:1860942812d3b683fd65c36697dc53d2cd1287c928de7d85ed8ad76280510670"
  name = "github.com/markbates/refresh"
  packages = [
    "filenotify",
    "refresh",
    "refresh/web",
  ]
  pruneopts = "UT"
  revision = "fdf2220c04f5cd7136e5ecf08300ff4213abed71"
  version = "v1.7.1"

[[projects]]
  digest = "1:28687e854cec240942c103259668b132a8450b05a6cc677eea2282b26ae29310"
  name = "github.com/markbates/safe"
  packages = ["."]
  pruneopts = "UT"
  revision = "6fea05a5732486546a4836b7a1d596c5ec687b98"
  version = "v1.0.1"

[[projects]]
  digest = "1:1f74d2e87dec3e6d4ddbfc8bf23f9b89be85903131c2ebbb6557eb2ec646bc28"
  name = "github.com/markbates/sigtx"
  packages = ["."]
  pruneopts = "UT"
  revision = "daa2e5f08161c569ca3d938d70750ccd038daf16"
  version = "v1.0.0"

[[projects]]
  digest = "1:c658e84ad3916da105a761660dcaeb01e63416c8ec7bc62256a9b411a05fcd67"
  name = "github.com/mattn/go-colorable"
  packages = ["."]
  pruneopts = "UT"
  revision = "167de6bfdfba052fa6b2d3664c8f5272e23c9072"
  version = "v0.0.9"

[[projects]]
  digest = "1:9b90c7639a41697f3d4ad12d7d67dfacc9a7a4a6e0bbfae4fc72d0da57c28871"
  name = "github.com/mattn/go-isatty"
  packages = ["."]
  pruneopts = "UT"
  revision = "1311e847b0cb909da63b5fecfb5370aa66236465"
  version = "v0.0.8"

[[projects]]
  digest = "1:4a49346ca45376a2bba679ca0e83bec949d780d4e927931317904bad482943ec"
  name = "github.com/mattn/go-sqlite3"
  packages = ["."]
  pruneopts = "UT"
  revision = "c7c4067b79cc51e6dfdcef5c702e74b1e0fa7c75"
  version = "v1.10.0"

[[projects]]
  digest = "1:6ff1026b8d873d074ddec82ad60bb0eb537dc013f456ef26b63d30beba2f99e7"
  name = "github.com/microcosm-cc/bluemonday"
  packages = ["."]
  pruneopts = "UT"
  revision = "506f3da9b7c86d737e91f16b7431df8635871552"
  version = "v1.0.2"

[[projects]]
  digest = "1:5d231480e1c64a726869bc4142d270184c419749d34f167646baa21008eb0a79"
  name = "github.com/mitchellh/go-homedir"
  packages = ["."]
  pruneopts = "UT"
  revision = "af06845cf3004701891bf4fdb884bfe4920b3727"
  version = "v1.1.0"

[[projects]]
  digest = "1:9f6f7ba2d9477766a32520ac15339c00d5c1baebb84091d43c9f0d68c04b78bb"
  name = "github.com/monoculum/formam"
  packages = ["."]
  pruneopts = "UT"
  revision = "0a5cdaa81e2ed9650363bfd688c752557e6a9460"
  version = "v3.1"

[[projects]]
  digest = "1:7157fd3f337f20f9058789e47f3341ae5cb77081fa01c1d678af5a03afea6f3e"
  name = "github.com/nicksnyder/go-i18n"
  packages = [
    "i18n",
    "i18n/bundle",
    "i18n/language",
    "i18n/translation",
  ]
  pruneopts = "UT"
  revision = "3c6ee9071cf061f4b0101e14412f74d6e7a8ada6"
  version = "v2.0.0"

[[projects]]
  digest = "1:93131d8002d7025da13582877c32d1fc302486775a1b06f62241741006428c5e"
  name = "github.com/pelletier/go-toml"
  packages = ["."]
  pruneopts = "UT"
  revision = "728039f679cbcd4f6a54e080d2219a4c4928c546"
  version = "v1.4.0"

[[projects]]
  digest = "1:cf31692c14422fa27c83a05292eb5cbe0fb2775972e8f1f8446a71549bd8980b"
  name = "github.com/pkg/errors"
  packages = ["."]
  pruneopts = "UT"
  revision = "ba968bfe8b2f7e042a574c888954fccecfa385b4"
  version = "v0.8.1"

[[projects]]
  digest = "1:0028cb19b2e4c3112225cd871870f2d9cf49b9b4276531f03438a88e94be86fe"
  name = "github.com/pmezard/go-difflib"
  packages = ["difflib"]
  pruneopts = "UT"
  revision = "792786c7400a136282c1664665ae0a8db921c6c2"
  version = "v1.0.0"

[[projects]]
  digest = "1:e09ada96a5a41deda4748b1659cc8953961799e798aea557257b56baee4ecaf3"
  name = "github.com/rogpeppe/go-internal"
  packages = [
    "modfile",
    "module",
    "semver",
  ]
  pruneopts = "UT"
  revision = "438578804ca6f31be148c27683afc419ce47c06e"
  version = "v1.3.0"

[[projects]]
  branch = "master"
  digest = "1:efa124a0ca36a35cc1a1b472cb0fa2be1e7d9fd1db0f8bc9a042e42e4c6405aa"
  name = "github.com/serenize/snaker"
  packages = ["."]
  pruneopts = "UT"
  revision = "a683aaf2d516deecd70cad0c72e3ca773ecfcef0"

[[projects]]
  digest = "1:d917313f309bda80d27274d53985bc65651f81a5b66b820749ac7f8ef061fd04"
  name = "github.com/sergi/go-diff"
  packages = ["diffmatchpatch"]
  pruneopts = "UT"
  revision = "1744e2970ca51c86172c8190fadad617561ed6e7"
  version = "v1.0.0"

[[projects]]
  branch = "master"
  digest = "1:c46a4157f74a181fab75707f9af94d77f8fcb1285d8eccd9451788586f42fe3e"
  name = "github.com/shurcooL/go"
  packages = [
    "parserutil",
    "printerutil",
    "reflectfind",
    "reflectsource",
  ]
  pruneopts = "UT"
  revision = "6713ea532688481dc0af6ea056895d2cde810001"

[[projects]]
  branch = "master"
  digest = "1:c347b6831c73fad4137117fb7e2cf1bc7ff03206ddcd7fb184e9af4fc96fa5b6"
  name = "github.com/shurcooL/go-goon"
  packages = ["."]
  pruneopts = "UT"
  revision = "37c2f522c041b74919a9e5e3a6c5c47eb34730a5"

[[projects]]
  branch = "master"
  digest = "1:23a0fdf4f939b35ca0f40530d39671b2fdd503e978a9783b89b059c7e9ff4889"
  name = "github.com/shurcooL/graphql"
  packages = ["ident"]
  pruneopts = "UT"
  revision = "d48a9a75455f6af30244670bc0c9d0e38e7392b5"

[[projects]]
  digest = "1:04457f9f6f3ffc5fea48e71d62f2ca256637dee0a04d710288e27e05c8b41976"
  name = "github.com/sirupsen/logrus"
  packages = ["."]
  pruneopts = "UT"
  revision = "839c75faf7f98a33d445d181f3018b5c3409a45e"
  version = "v1.4.2"

[[projects]]
  branch = "master"
  digest = "1:7d1a56d6e478d101047b32fe6ea432966db16867a3984b53bef75e3c160087b1"
  name = "github.com/sourcegraph/annotate"
  packages = ["."]
  pruneopts = "UT"
  revision = "f4cad6c6324d3f584e1743d8b3e0e017a5f3a636"

[[projects]]
  branch = "master"
  digest = "1:9df4f012b99e1ea84cd1c3c29874cfb541b9726be43c62f05feef3a85e300688"
  name = "github.com/sourcegraph/syntaxhighlight"
  packages = ["."]
  pruneopts = "UT"
  revision = "bd320f5d308e1a3c4314c678d8227a0d72574ae7"

[[projects]]
  digest = "1:e096613fb7cf34743d49af87d197663cfccd61876e2219853005a57baedfa562"
  name = "github.com/spf13/cobra"
  packages = ["."]
  pruneopts = "UT"
  revision = "f2b07da1e2c38d5f12845a4f607e2e1018cbb1f5"
  version = "v0.0.5"

[[projects]]
  digest = "1:c1b1102241e7f645bc8e0c22ae352e8f0dc6484b6cb4d132fa9f24174e0119e2"
  name = "github.com/spf13/pflag"
  packages = ["."]
  pruneopts = "UT"
  revision = "298182f68c66c05229eb03ac171abe6e309ee79a"
  version = "v1.0.3"

[[projects]]
  digest = "1:8ff03ccc603abb0d7cce94d34b613f5f6251a9e1931eba1a3f9888a9029b055c"
  name = "github.com/stretchr/testify"
  packages = [
    "assert",
    "require",
    "suite",
  ]
  pruneopts = "UT"
  revision = "ffdc059bfe9ce6a4e144ba849dbedead332c6053"
  version = "v1.3.0"

[[projects]]
  digest = "1:9d79e011219ebcc4a7a6e89cd6126c35c6e7c9e1e9faece1b69bf521286b5a35"
  name = "github.com/unrolled/secure"
  packages = ["."]
  pruneopts = "UT"
  revision = "76e6d4e9b90c2e11fa0e1b76284cc83d99c7fd1e"
  version = "v1.0.0"

[[projects]]
  branch = "master"
  digest = "1:3f4267ef48c80f89cfd1e5b7f104c184a646e51e0b51a030d62184c830da5c4d"
  name = "golang.org/x/crypto"
  packages = [
    "bcrypt",
    "blowfish",
    "pbkdf2",
    "ssh/terminal",
  ]
  pruneopts = "UT"
  revision = "5c40567a22f818bd14a1ea7245dad9f8ef0691aa"

[[projects]]
  branch = "master"
  digest = "1:d7b978a787736537d0ad2f84c0e8b75b05c2febef0537198e28edf1cf2768afd"
  name = "golang.org/x/net"
  packages = [
    "html",
    "html/atom",
  ]
  pruneopts = "UT"
  revision = "d28f0bde5980168871434b95cfc858db9f2a7a99"

[[projects]]
  branch = "master"
  digest = "1:b521f10a2d8fa85c04a8ef4e62f2d1e14d303599a55d64dabf9f5a02f84d35eb"
  name = "golang.org/x/sync"
  packages = ["errgroup"]
  pruneopts = "UT"
  revision = "112230192c580c3556b8cee6403af37a4fc5f28c"

[[projects]]
  branch = "master"
  digest = "1:3398992b8f4b00ce4a6a5f9770008cf66dcff8f128b51eeab8c1f657096cac8f"
  name = "golang.org/x/sys"
  packages = [
    "unix",
    "windows",
  ]
  pruneopts = "UT"
  revision = "15dcb6c0061f497a3f66e3ea034b629c6dd4d99e"

[[projects]]
  digest = "1:5f1559c4cee44069f81517430ebba19589869f3d4d4648213a4d5ddd199b11d8"
  name = "golang.org/x/text"
  packages = [
    "cases",
    "collate",
    "collate/build",
    "internal",
    "internal/colltab",
    "internal/gen",
    "internal/language",
    "internal/language/compact",
    "internal/tag",
    "internal/triegen",
    "internal/ucd",
    "language",
    "runes",
    "secure/bidirule",
    "secure/precis",
    "transform",
    "unicode/bidi",
    "unicode/cldr",
    "unicode/norm",
    "unicode/rangetable",
    "width",
  ]
  pruneopts = "UT"
  revision = "342b2e1fbaa52c93f31447ad2c6abc048c63e475"
  version = "v0.3.2"

[[projects]]
  digest = "1:c25289f43ac4a68d88b02245742347c94f1e108c534dda442188015ff80669b3"
  name = "google.golang.org/appengine"
  packages = ["cloudsql"]
  pruneopts = "UT"
  revision = "b2f4a3cf3c67576a2ee09e1fe62656a5086ce880"
  version = "v1.6.1"

[[projects]]
  digest = "1:4d2e5a73dc1500038e504a8d78b986630e3626dc027bc030ba5c75da257cdb96"
  name = "gopkg.in/yaml.v2"
  packages = ["."]
  pruneopts = "UT"
  revision = "51d6538a90f86fe93ac480b35f37b2be17fef232"
  version = "v2.2.2"

[solve-meta]
  analyzer-name = "dep"
  analyzer-version = 1
  input-imports = [
    "github.com/gobuffalo/buffalo",
    "github.com/gobuffalo/buffalo/render",
    "github.com/gobuffalo/envy",
    "github.com/gobuffalo/mw-csrf",
    "github.com/gobuffalo/mw-forcessl",
    "github.com/gobuffalo/mw-i18n",
    "github.com/gobuffalo/mw-paramlogger",
    "github.com/gobuffalo/packr",
    "github.com/gobuffalo/packr/v2",
    "github.com/gobuffalo/pop",
    "github.com/gobuffalo/suite",
    "github.com/gobuffalo/validate",
    "github.com/gobuffalo/validate/validators",
    "github.com/jinzhu/gorm",
    "github.com/jinzhu/gorm/dialects/postgres",
    "github.com/markbates/grift/grift",
    "github.com/pkg/errors",
    "github.com/unrolled/secure",
    "golang.org/x/crypto/bcrypt",
  ]
  solver-name = "gps-cdcl"
  solver-version = 1
